
Microsoft Visual Studio Solution File, Format Version 12.00
# Visual Studio Version 16
VisualStudioVersion = 16.0.29503.13
MinimumVisualStudioVersion = 10.0.40219.1
Project("{FAE04EC0-301F-11D3-BF4B-00C04F79EFBC}") = "AdminGUI", "AdminGUI\AdminGUI.csproj", "{6B517C50-DC53-4A05-AA7C-C55B593DA9CF}"
EndProject
Global
	GlobalSection(SolutionConfigurationPlatforms) = preSolution
		Debug|Any CPU = Debug|Any CPU
		Release|Any CPU = Release|Any CPU
	EndGlobalSection
	GlobalSection(ProjectConfigurationPlatforms) = postSolution
		{6B517C50-DC53-4A05-AA7C-C55B593DA9CF}.Debug|Any CPU.ActiveCfg = Debug|Any CPU
		{6B517C50-DC53-4A05-AA7C-C55B593DA9CF}.Debug|Any CPU.Build.0 = Debug|Any CPU
		{6B517C50-DC53-4A05-AA7C-C55B593DA9CF}.Release|Any CPU.ActiveCfg = Release|Any CPU
		{6B517C50-DC53-4A05-AA7C-C55B593DA9CF}.Release|Any CPU.Build.0 = Release|Any CPU
	EndGlobalSection
	GlobalSection(SolutionProperties) = preSolution
		HideSolutionNode = FALSE
	EndGlobalSection
	GlobalSection(ExtensibilityGlobals) = postSolution
		SolutionGuid = {D1A969FC-6E0B-409B-81D1-6AC46AEBA3D6}
	EndGlobalSection
EndGlobal
